
Microsoft Visual Studio Solution File, Format Version 12.00
# Visual Studio Version 16
VisualStudioVersion = 16.0.30225.117
MinimumVisualStudioVersion = 10.0.40219.1
Project("{FAE04EC0-301F-11D3-BF4B-00C04F79EFBC}") = "HospitalManagentSystemServer", "HospitalManagentSystemServer\HospitalManagentSystemServer.csproj", "{6B283DBC-AE3C-4478-8215-4175ACD42215}"
EndProject
Project("{FAE04EC0-301F-11D3-BF4B-00C04F79EFBC}") = "HospitalManagementSystemShared", "HospitalManagementSystemShared\HospitalManagementSystemShared.csproj", "{A5BAAD20-B9F8-4572-9226-1872EBF44785}"
EndProject
Global
	GlobalSection(SolutionConfigurationPlatforms) = preSolution
		Debug|Any CPU = Debug|Any CPU
		Release|Any CPU = Release|Any CPU
	EndGlobalSection
	GlobalSection(ProjectConfigurationPlatforms) = postSolution
		{6B283DBC-AE3C-4478-8215-4175ACD42215}.Debug|Any CPU.ActiveCfg = Debug|Any CPU
		{6B283DBC-AE3C-4478-8215-4175ACD42215}.Debug|Any CPU.Build.0 = Debug|Any CPU
		{6B283DBC-AE3C-4478-8215-4175ACD42215}.Release|Any CPU.ActiveCfg = Release|Any CPU
		{6B283DBC-AE3C-4478-8215-4175ACD42215}.Release|Any CPU.Build.0 = Release|Any CPU
		{A5BAAD20-B9F8-4572-9226-1872EBF44785}.Debug|Any CPU.ActiveCfg = Debug|Any CPU
		{A5BAAD20-B9F8-4572-9226-1872EBF44785}.Debug|Any CPU.Build.0 = Debug|Any CPU
		{A5BAAD20-B9F8-4572-9226-1872EBF44785}.Release|Any CPU.ActiveCfg = Release|Any CPU
		{A5BAAD20-B9F8-4572-9226-1872EBF44785}.Release|Any CPU.Build.0 = Release|Any CPU
	EndGlobalSection
	GlobalSection(SolutionProperties) = preSolution
		HideSolutionNode = FALSE
	EndGlobalSection
	GlobalSection(ExtensibilityGlobals) = postSolution
		SolutionGuid = {8F358863-B5D7-463B-A707-0BFE97771643}
	EndGlobalSection
EndGlobal
